
Microsoft Visual Studio Solution File, Format Version 12.00
# Visual Studio Version 17
VisualStudioVersion = 17.12.35707.178 d17.12
MinimumVisualStudioVersion = 10.0.40219.1
Project("{FAE04EC0-301F-11D3-BF4B-00C04F79EFBC}") = "S25317WordGuessGame", "S25317WordGuessGame\S25317WordGuessGame.csproj", "{548AD69E-BD01-41BE-A473-1E9E0D17B84D}"
EndProject
Global
	GlobalSection(SolutionConfigurationPlatforms) = preSolution
		Debug|Any CPU = Debug|Any CPU
		Release|Any CPU = Release|Any CPU
	EndGlobalSection
	GlobalSection(ProjectConfigurationPlatforms) = postSolution
		{548AD69E-BD01-41BE-A473-1E9E0D17B84D}.Debug|Any CPU.ActiveCfg = Debug|Any CPU
		{548AD69E-BD01-41BE-A473-1E9E0D17B84D}.Debug|Any CPU.Build.0 = Debug|Any CPU
		{548AD69E-BD01-41BE-A473-1E9E0D17B84D}.Release|Any CPU.ActiveCfg = Release|Any CPU
		{548AD69E-BD01-41BE-A473-1E9E0D17B84D}.Release|Any CPU.Build.0 = Release|Any CPU
	EndGlobalSection
	GlobalSection(SolutionProperties) = preSolution
		HideSolutionNode = FALSE
	EndGlobalSection
EndGlobal
